
Microsoft Visual Studio Solution File, Format Version 12.00
# Visual Studio Version 16
VisualStudioVersion = 16.0.29709.97
MinimumVisualStudioVersion = 10.0.40219.1
Project("{FAE04EC0-301F-11D3-BF4B-00C04F79EFBC}") = "EmployeeManagement", "EmployeeManagement\EmployeeManagement.csproj", "{E241BD0E-04B7-4444-9B61-62805CD91765}"
EndProject
Global
	GlobalSection(SolutionConfigurationPlatforms) = preSolution
		Debug|Any CPU = Debug|Any CPU
		Release|Any CPU = Release|Any CPU
	EndGlobalSection
	GlobalSection(ProjectConfigurationPlatforms) = postSolution
		{E241BD0E-04B7-4444-9B61-62805CD91765}.Debug|Any CPU.ActiveCfg = Debug|Any CPU
		{E241BD0E-04B7-4444-9B61-62805CD91765}.Debug|Any CPU.Build.0 = Debug|Any CPU
		{E241BD0E-04B7-4444-9B61-62805CD91765}.Release|Any CPU.ActiveCfg = Release|Any CPU
		{E241BD0E-04B7-4444-9B61-62805CD91765}.Release|Any CPU.Build.0 = Release|Any CPU
	EndGlobalSection
	GlobalSection(SolutionProperties) = preSolution
		HideSolutionNode = FALSE
	EndGlobalSection
	GlobalSection(ExtensibilityGlobals) = postSolution
		SolutionGuid = {4E1A40AF-57E7-4219-951F-2F616FFCF7FE}
	EndGlobalSection
EndGlobal
